
Microsoft Visual Studio Solution File, Format Version 12.00
# Visual Studio Version 17
VisualStudioVersion = 17.0.31903.59
MinimumVisualStudioVersion = 10.0.40219.1
Project("{FAE04EC0-301F-11D3-BF4B-00C04F79EFBC}") = "TaskAndProjet.API", "TaskAndProjet.API\TaskAndProjet.API.csproj", "{DC2463FB-6D73-41F4-84F2-E70AE10A16B2}"
EndProject
Global
	GlobalSection(SolutionConfigurationPlatforms) = preSolution
		Debug|Any CPU = Debug|Any CPU
		Release|Any CPU = Release|Any CPU
	EndGlobalSection
	GlobalSection(ProjectConfigurationPlatforms) = postSolution
		{DC2463FB-6D73-41F4-84F2-E70AE10A16B2}.Debug|Any CPU.ActiveCfg = Debug|Any CPU
		{DC2463FB-6D73-41F4-84F2-E70AE10A16B2}.Debug|Any CPU.Build.0 = Debug|Any CPU
		{DC2463FB-6D73-41F4-84F2-E70AE10A16B2}.Release|Any CPU.ActiveCfg = Release|Any CPU
		{DC2463FB-6D73-41F4-84F2-E70AE10A16B2}.Release|Any CPU.Build.0 = Release|Any CPU
	EndGlobalSection
	GlobalSection(SolutionProperties) = preSolution
		HideSolutionNode = FALSE
	EndGlobalSection
	GlobalSection(ExtensibilityGlobals) = postSolution
		SolutionGuid = {82B8CB50-B934-4FA5-858B-317530BE235A}
	EndGlobalSection
EndGlobal
